
Microsoft Visual Studio Solution File, Format Version 12.00
# Visual Studio Version 17
VisualStudioVersion = 17.14.37614.0 d17.14
MinimumVisualStudioVersion = 10.0.40219.1
Project("{FAE04EC0-301F-11D3-BF4B-00C04F79EFBC}") = "Házi2", "Házi2\Házi2.csproj", "{157FFC05-08EB-4F3C-AB32-808B1C3B9426}"
EndProject
Global
	GlobalSection(SolutionConfigurationPlatforms) = preSolution
		Debug|Any CPU = Debug|Any CPU
		Release|Any CPU = Release|Any CPU
	EndGlobalSection
	GlobalSection(ProjectConfigurationPlatforms) = postSolution
		{157FFC05-08EB-4F3C-AB32-808B1C3B9426}.Debug|Any CPU.ActiveCfg = Debug|Any CPU
		{157FFC05-08EB-4F3C-AB32-808B1C3B9426}.Debug|Any CPU.Build.0 = Debug|Any CPU
		{157FFC05-08EB-4F3C-AB32-808B1C3B9426}.Release|Any CPU.ActiveCfg = Release|Any CPU
		{157FFC05-08EB-4F3C-AB32-808B1C3B9426}.Release|Any CPU.Build.0 = Release|Any CPU
	EndGlobalSection
	GlobalSection(SolutionProperties) = preSolution
		HideSolutionNode = FALSE
	EndGlobalSection
	GlobalSection(ExtensibilityGlobals) = postSolution
		SolutionGuid = {06CB8F97-CB84-433C-AA31-A1E37435A9B2}
	EndGlobalSection
EndGlobal
